// !$*UTF8*$!
{
	archiveVersion = 1;
	classes = {
	};
	objectVersion = 50;
	objects = {

/* Begin PBXBuildFile section */
		3709075320B2A9F20007F5CB /* ostkit.framework in Frameworks */ = {isa = PBXBuildFile; fileRef = 3709074A20B2A9F20007F5CB /* ostkit.framework */; };
		3709076120B2AEFF0007F5CB /* ostkit.h in Headers */ = {isa = PBXBuildFile; fileRef = 37548E4320A989B400D665B4 /* ostkit.h */; settings = {ATTRIBUTES = (Public, ); }; };
		3709076220B2AEFF0007F5CB /* EndPoint.swift in Sources */ = {isa = PBXBuildFile; fileRef = 37F6D98320ABEF6E00C384D8 /* EndPoint.swift */; };
		3709076320B2AEFF0007F5CB /* RequestBuilder.swift in Sources */ = {isa = PBXBuildFile; fileRef = 37F6D98520ABF15300C384D8 /* RequestBuilder.swift */; };
		3709076420B2AEFF0007F5CB /* UserEndPoint.swift in Sources */ = {isa = PBXBuildFile; fileRef = 37DF7A9B20AAA0A9007C7712 /* UserEndPoint.swift */; };
		3709076520B2AEFF0007F5CB /* AirDropEndPoint.swift in Sources */ = {isa = PBXBuildFile; fileRef = 375380E020AB59A6005279D8 /* AirDropEndPoint.swift */; };
		3709076620B2AEFF0007F5CB /* TransactionTypeEndPoint.swift in Sources */ = {isa = PBXBuildFile; fileRef = 37F6D97C20ABE5F700C384D8 /* TransactionTypeEndPoint.swift */; };
		3709076720B2AEFF0007F5CB /* Helpers.swift in Sources */ = {isa = PBXBuildFile; fileRef = 37548E5E20A9F55C00D665B4 /* Helpers.swift */; };
		3709076820B2AEFF0007F5CB /* CustomResponse.swift in Sources */ = {isa = PBXBuildFile; fileRef = 371C577520AB4E84008D72B9 /* CustomResponse.swift */; };
		3709076920B2AEFF0007F5CB /* Services.swift in Sources */ = {isa = PBXBuildFile; fileRef = 37F6D98020ABED4500C384D8 /* Services.swift */; };
		3709076A20B2AEFF0007F5CB /* UserServices.swift in Sources */ = {isa = PBXBuildFile; fileRef = 37DF7AA120AAA23A007C7712 /* UserServices.swift */; };
		3709076B20B2AEFF0007F5CB /* TransactionTypeServices.swift in Sources */ = {isa = PBXBuildFile; fileRef = 37F6D97E20ABEB1800C384D8 /* TransactionTypeServices.swift */; };
		3709076C20B2AEFF0007F5CB /* OSTSDK.swift in Sources */ = {isa = PBXBuildFile; fileRef = 37DF7A9F20AAA170007C7712 /* OSTSDK.swift */; };
		3709077C20B2B1140007F5CB /* Alamofire.framework in Frameworks */ = {isa = PBXBuildFile; fileRef = 3709077A20B2B1140007F5CB /* Alamofire.framework */; };
		3709077D20B2B1140007F5CB /* CryptoSwift.framework in Frameworks */ = {isa = PBXBuildFile; fileRef = 3709077B20B2B1140007F5CB /* CryptoSwift.framework */; };
		371C577220AB3834008D72B9 /* Alamofire.framework in Frameworks */ = {isa = PBXBuildFile; fileRef = 371C577020AB3834008D72B9 /* Alamofire.framework */; };
		371C577320AB3834008D72B9 /* CryptoSwift.framework in Frameworks */ = {isa = PBXBuildFile; fileRef = 371C577120AB3834008D72B9 /* CryptoSwift.framework */; };
		371C577620AB4E84008D72B9 /* CustomResponse.swift in Sources */ = {isa = PBXBuildFile; fileRef = 371C577520AB4E84008D72B9 /* CustomResponse.swift */; };
		3726DCD820B30A810026F9AF /* ostkit.h in Headers */ = {isa = PBXBuildFile; fileRef = 37548E4320A989B400D665B4 /* ostkit.h */; settings = {ATTRIBUTES = (Public, ); }; };
		3726DCD920B30A810026F9AF /* EndPoint.swift in Sources */ = {isa = PBXBuildFile; fileRef = 37F6D98320ABEF6E00C384D8 /* EndPoint.swift */; };
		3726DCDA20B30A810026F9AF /* RequestBuilder.swift in Sources */ = {isa = PBXBuildFile; fileRef = 37F6D98520ABF15300C384D8 /* RequestBuilder.swift */; };
		3726DCDB20B30A810026F9AF /* UserEndPoint.swift in Sources */ = {isa = PBXBuildFile; fileRef = 37DF7A9B20AAA0A9007C7712 /* UserEndPoint.swift */; };
		3726DCDC20B30A810026F9AF /* AirDropEndPoint.swift in Sources */ = {isa = PBXBuildFile; fileRef = 375380E020AB59A6005279D8 /* AirDropEndPoint.swift */; };
		3726DCDD20B30A810026F9AF /* TransactionTypeEndPoint.swift in Sources */ = {isa = PBXBuildFile; fileRef = 37F6D97C20ABE5F700C384D8 /* TransactionTypeEndPoint.swift */; };
		3726DCDE20B30A810026F9AF /* Helpers.swift in Sources */ = {isa = PBXBuildFile; fileRef = 37548E5E20A9F55C00D665B4 /* Helpers.swift */; };
		3726DCDF20B30A810026F9AF /* CustomResponse.swift in Sources */ = {isa = PBXBuildFile; fileRef = 371C577520AB4E84008D72B9 /* CustomResponse.swift */; };
		3726DCE020B30A810026F9AF /* Services.swift in Sources */ = {isa = PBXBuildFile; fileRef = 37F6D98020ABED4500C384D8 /* Services.swift */; };
		3726DCE120B30A810026F9AF /* UserServices.swift in Sources */ = {isa = PBXBuildFile; fileRef = 37DF7AA120AAA23A007C7712 /* UserServices.swift */; };
		3726DCE220B30A810026F9AF /* TransactionTypeServices.swift in Sources */ = {isa = PBXBuildFile; fileRef = 37F6D97E20ABEB1800C384D8 /* TransactionTypeServices.swift */; };
		3726DCE320B30A810026F9AF /* OSTSDK.swift in Sources */ = {isa = PBXBuildFile; fileRef = 37DF7A9F20AAA170007C7712 /* OSTSDK.swift */; };
		3726DCE620B30AB70026F9AF /* Alamofire.framework in Frameworks */ = {isa = PBXBuildFile; fileRef = 3726DCE420B30AB70026F9AF /* Alamofire.framework */; };
		3726DCE720B30AB70026F9AF /* CryptoSwift.framework in Frameworks */ = {isa = PBXBuildFile; fileRef = 3726DCE520B30AB70026F9AF /* CryptoSwift.framework */; };
		3726DCF620B30BC80026F9AF /* ostkit.framework in Frameworks */ = {isa = PBXBuildFile; fileRef = 3726DCED20B30BC80026F9AF /* ostkit.framework */; };
		3726DD0620B30C2A0026F9AF /* Alamofire.framework in Frameworks */ = {isa = PBXBuildFile; fileRef = 3726DD0420B30C290026F9AF /* Alamofire.framework */; };
		3726DD0720B30C2A0026F9AF /* CryptoSwift.framework in Frameworks */ = {isa = PBXBuildFile; fileRef = 3726DD0520B30C290026F9AF /* CryptoSwift.framework */; };
		3726DD0A20B30CC90026F9AF /* ostkit.h in Headers */ = {isa = PBXBuildFile; fileRef = 37548E4320A989B400D665B4 /* ostkit.h */; settings = {ATTRIBUTES = (Public, ); }; };
		3726DD0B20B30CC90026F9AF /* EndPoint.swift in Sources */ = {isa = PBXBuildFile; fileRef = 37F6D98320ABEF6E00C384D8 /* EndPoint.swift */; };
		3726DD0C20B30CC90026F9AF /* RequestBuilder.swift in Sources */ = {isa = PBXBuildFile; fileRef = 37F6D98520ABF15300C384D8 /* RequestBuilder.swift */; };
		3726DD0D20B30CC90026F9AF /* UserEndPoint.swift in Sources */ = {isa = PBXBuildFile; fileRef = 37DF7A9B20AAA0A9007C7712 /* UserEndPoint.swift */; };
		3726DD0E20B30CC90026F9AF /* AirDropEndPoint.swift in Sources */ = {isa = PBXBuildFile; fileRef = 375380E020AB59A6005279D8 /* AirDropEndPoint.swift */; };
		3726DD0F20B30CC90026F9AF /* TransactionTypeEndPoint.swift in Sources */ = {isa = PBXBuildFile; fileRef = 37F6D97C20ABE5F700C384D8 /* TransactionTypeEndPoint.swift */; };
		3726DD1020B30CC90026F9AF /* Helpers.swift in Sources */ = {isa = PBXBuildFile; fileRef = 37548E5E20A9F55C00D665B4 /* Helpers.swift */; };
		3726DD1120B30CC90026F9AF /* CustomResponse.swift in Sources */ = {isa = PBXBuildFile; fileRef = 371C577520AB4E84008D72B9 /* CustomResponse.swift */; };
		3726DD1220B30CC90026F9AF /* Services.swift in Sources */ = {isa = PBXBuildFile; fileRef = 37F6D98020ABED4500C384D8 /* Services.swift */; };
		3726DD1320B30CC90026F9AF /* UserServices.swift in Sources */ = {isa = PBXBuildFile; fileRef = 37DF7AA120AAA23A007C7712 /* UserServices.swift */; };
		3726DD1420B30CC90026F9AF /* TransactionTypeServices.swift in Sources */ = {isa = PBXBuildFile; fileRef = 37F6D97E20ABEB1800C384D8 /* TransactionTypeServices.swift */; };
		3726DD1520B30CC90026F9AF /* OSTSDK.swift in Sources */ = {isa = PBXBuildFile; fileRef = 37DF7A9F20AAA170007C7712 /* OSTSDK.swift */; };
		373EA84B20B7AD8D00AD35D5 /* RequestBuilderTests.swift in Sources */ = {isa = PBXBuildFile; fileRef = 373EA84A20B7AD8D00AD35D5 /* RequestBuilderTests.swift */; };
		373EA84C20B7AD8D00AD35D5 /* RequestBuilderTests.swift in Sources */ = {isa = PBXBuildFile; fileRef = 373EA84A20B7AD8D00AD35D5 /* RequestBuilderTests.swift */; };
		373EA84D20B7AD8D00AD35D5 /* RequestBuilderTests.swift in Sources */ = {isa = PBXBuildFile; fileRef = 373EA84A20B7AD8D00AD35D5 /* RequestBuilderTests.swift */; };
		375380E120AB59A6005279D8 /* AirDropEndPoint.swift in Sources */ = {isa = PBXBuildFile; fileRef = 375380E020AB59A6005279D8 /* AirDropEndPoint.swift */; };
		37548E4A20A989B400D665B4 /* ostkit.framework in Frameworks */ = {isa = PBXBuildFile; fileRef = 37548E4020A989B400D665B4 /* ostkit.framework */; };
		37548E5120A989B400D665B4 /* ostkit.h in Headers */ = {isa = PBXBuildFile; fileRef = 37548E4320A989B400D665B4 /* ostkit.h */; settings = {ATTRIBUTES = (Public, ); }; };
		37548E5F20A9F55C00D665B4 /* Helpers.swift in Sources */ = {isa = PBXBuildFile; fileRef = 37548E5E20A9F55C00D665B4 /* Helpers.swift */; };
		375CE6C820B672790014DBE2 /* .travis.yml in Resources */ = {isa = PBXBuildFile; fileRef = 375CE6C720B672790014DBE2 /* .travis.yml */; };
		37A267DF20ADCA4500F46FE3 /* License.md in Resources */ = {isa = PBXBuildFile; fileRef = 37A267DD20ADCA4500F46FE3 /* License.md */; };
		37A267E020ADCA4500F46FE3 /* README.md in Resources */ = {isa = PBXBuildFile; fileRef = 37A267DE20ADCA4500F46FE3 /* README.md */; };
		37CC911C20B7C22A00438E4A /* OSTSDKTests.swift in Sources */ = {isa = PBXBuildFile; fileRef = 37CC911B20B7C22A00438E4A /* OSTSDKTests.swift */; };
		37CC911D20B7C22A00438E4A /* OSTSDKTests.swift in Sources */ = {isa = PBXBuildFile; fileRef = 37CC911B20B7C22A00438E4A /* OSTSDKTests.swift */; };
		37CC911E20B7C22A00438E4A /* OSTSDKTests.swift in Sources */ = {isa = PBXBuildFile; fileRef = 37CC911B20B7C22A00438E4A /* OSTSDKTests.swift */; };
		37CC912020B7C26600438E4A /* BaseTests.swift in Sources */ = {isa = PBXBuildFile; fileRef = 37CC911F20B7C26600438E4A /* BaseTests.swift */; };
		37CC912120B7C26600438E4A /* BaseTests.swift in Sources */ = {isa = PBXBuildFile; fileRef = 37CC911F20B7C26600438E4A /* BaseTests.swift */; };
		37CC912220B7C26600438E4A /* BaseTests.swift in Sources */ = {isa = PBXBuildFile; fileRef = 37CC911F20B7C26600438E4A /* BaseTests.swift */; };
		37CC912420B7C35E00438E4A /* ServicesTests.swift in Sources */ = {isa = PBXBuildFile; fileRef = 37CC912320B7C35E00438E4A /* ServicesTests.swift */; };
		37CC912520B7C35E00438E4A /* ServicesTests.swift in Sources */ = {isa = PBXBuildFile; fileRef = 37CC912320B7C35E00438E4A /* ServicesTests.swift */; };
		37CC912620B7C35E00438E4A /* ServicesTests.swift in Sources */ = {isa = PBXBuildFile; fileRef = 37CC912320B7C35E00438E4A /* ServicesTests.swift */; };
		37DF7A9C20AAA0A9007C7712 /* UserEndPoint.swift in Sources */ = {isa = PBXBuildFile; fileRef = 37DF7A9B20AAA0A9007C7712 /* UserEndPoint.swift */; };
		37DF7AA020AAA170007C7712 /* OSTSDK.swift in Sources */ = {isa = PBXBuildFile; fileRef = 37DF7A9F20AAA170007C7712 /* OSTSDK.swift */; };
		37DF7AA220AAA23A007C7712 /* UserServices.swift in Sources */ = {isa = PBXBuildFile; fileRef = 37DF7AA120AAA23A007C7712 /* UserServices.swift */; };
		37F6D97D20ABE5F700C384D8 /* TransactionTypeEndPoint.swift in Sources */ = {isa = PBXBuildFile; fileRef = 37F6D97C20ABE5F700C384D8 /* TransactionTypeEndPoint.swift */; };
		37F6D97F20ABEB1800C384D8 /* TransactionTypeServices.swift in Sources */ = {isa = PBXBuildFile; fileRef = 37F6D97E20ABEB1800C384D8 /* TransactionTypeServices.swift */; };
		37F6D98120ABED4500C384D8 /* Services.swift in Sources */ = {isa = PBXBuildFile; fileRef = 37F6D98020ABED4500C384D8 /* Services.swift */; };
		37F6D98420ABEF6E00C384D8 /* EndPoint.swift in Sources */ = {isa = PBXBuildFile; fileRef = 37F6D98320ABEF6E00C384D8 /* EndPoint.swift */; };
		37F6D98620ABF15300C384D8 /* RequestBuilder.swift in Sources */ = {isa = PBXBuildFile; fileRef = 37F6D98520ABF15300C384D8 /* RequestBuilder.swift */; };
/* End PBXBuildFile section */

/* Begin PBXContainerItemProxy section */
		3709075420B2A9F20007F5CB /* PBXContainerItemProxy */ = {
			isa = PBXContainerItemProxy;
			containerPortal = 37548E3720A989B400D665B4 /* Project object */;
			proxyType = 1;
			remoteGlobalIDString = 3709074920B2A9F20007F5CB;
			remoteInfo = "ostkit macOS";
		};
		3726DCF720B30BC80026F9AF /* PBXContainerItemProxy */ = {
			isa = PBXContainerItemProxy;
			containerPortal = 37548E3720A989B400D665B4 /* Project object */;
			proxyType = 1;
			remoteGlobalIDString = 3726DCEC20B30BC80026F9AF;
			remoteInfo = "ostkit tvOS";
		};
		37548E4B20A989B400D665B4 /* PBXContainerItemProxy */ = {
			isa = PBXContainerItemProxy;
			containerPortal = 37548E3720A989B400D665B4 /* Project object */;
			proxyType = 1;
			remoteGlobalIDString = 37548E3F20A989B400D665B4;
			remoteInfo = ostkit;
		};
/* End PBXContainerItemProxy section */

/* Begin PBXFileReference section */
		3709074220B289F00007F5CB /* Package.swift */ = {isa = PBXFileReference; fileEncoding = 4; lastKnownFileType = sourcecode.swift; path = Package.swift; sourceTree = "<group>"; };
		3709074A20B2A9F20007F5CB /* ostkit.framework */ = {isa = PBXFileReference; explicitFileType = wrapper.framework; includeInIndex = 0; path = ostkit.framework; sourceTree = BUILT_PRODUCTS_DIR; };
		3709075220B2A9F20007F5CB /* ostkit macOSTests.xctest */ = {isa = PBXFileReference; explicitFileType = wrapper.cfbundle; includeInIndex = 0; path = "ostkit macOSTests.xctest"; sourceTree = BUILT_PRODUCTS_DIR; };
		3709077A20B2B1140007F5CB /* Alamofire.framework */ = {isa = PBXFileReference; lastKnownFileType = wrapper.framework; name = Alamofire.framework; path = Carthage/Build/Mac/Alamofire.framework; sourceTree = SOURCE_ROOT; };
		3709077B20B2B1140007F5CB /* CryptoSwift.framework */ = {isa = PBXFileReference; lastKnownFileType = wrapper.framework; name = CryptoSwift.framework; path = Carthage/Build/Mac/CryptoSwift.framework; sourceTree = SOURCE_ROOT; };
		371C577020AB3834008D72B9 /* Alamofire.framework */ = {isa = PBXFileReference; lastKnownFileType = wrapper.framework; name = Alamofire.framework; path = Carthage/Build/iOS/Alamofire.framework; sourceTree = SOURCE_ROOT; };
		371C577120AB3834008D72B9 /* CryptoSwift.framework */ = {isa = PBXFileReference; lastKnownFileType = wrapper.framework; name = CryptoSwift.framework; path = Carthage/Build/iOS/CryptoSwift.framework; sourceTree = SOURCE_ROOT; };
		371C577520AB4E84008D72B9 /* CustomResponse.swift */ = {isa = PBXFileReference; lastKnownFileType = sourcecode.swift; path = CustomResponse.swift; sourceTree = "<group>"; };
		3726DCD020B30A640026F9AF /* ostkit.framework */ = {isa = PBXFileReference; explicitFileType = wrapper.framework; includeInIndex = 0; path = ostkit.framework; sourceTree = BUILT_PRODUCTS_DIR; };
		3726DCE420B30AB70026F9AF /* Alamofire.framework */ = {isa = PBXFileReference; lastKnownFileType = wrapper.framework; name = Alamofire.framework; path = Carthage/Build/watchOS/Alamofire.framework; sourceTree = "<group>"; };
		3726DCE520B30AB70026F9AF /* CryptoSwift.framework */ = {isa = PBXFileReference; lastKnownFileType = wrapper.framework; name = CryptoSwift.framework; path = Carthage/Build/watchOS/CryptoSwift.framework; sourceTree = "<group>"; };
		3726DCED20B30BC80026F9AF /* ostkit.framework */ = {isa = PBXFileReference; explicitFileType = wrapper.framework; includeInIndex = 0; path = ostkit.framework; sourceTree = BUILT_PRODUCTS_DIR; };
		3726DCF520B30BC80026F9AF /* ostkit tvOSTests.xctest */ = {isa = PBXFileReference; explicitFileType = wrapper.cfbundle; includeInIndex = 0; path = "ostkit tvOSTests.xctest"; sourceTree = BUILT_PRODUCTS_DIR; };
		3726DD0420B30C290026F9AF /* Alamofire.framework */ = {isa = PBXFileReference; lastKnownFileType = wrapper.framework; name = Alamofire.framework; path = Carthage/Build/tvOS/Alamofire.framework; sourceTree = "<group>"; };
		3726DD0520B30C290026F9AF /* CryptoSwift.framework */ = {isa = PBXFileReference; lastKnownFileType = wrapper.framework; name = CryptoSwift.framework; path = Carthage/Build/tvOS/CryptoSwift.framework; sourceTree = "<group>"; };
		373EA84A20B7AD8D00AD35D5 /* RequestBuilderTests.swift */ = {isa = PBXFileReference; lastKnownFileType = sourcecode.swift; path = RequestBuilderTests.swift; sourceTree = "<group>"; };
		375380E020AB59A6005279D8 /* AirDropEndPoint.swift */ = {isa = PBXFileReference; lastKnownFileType = sourcecode.swift; path = AirDropEndPoint.swift; sourceTree = "<group>"; };
		37548E4020A989B400D665B4 /* ostkit.framework */ = {isa = PBXFileReference; explicitFileType = wrapper.framework; includeInIndex = 0; path = ostkit.framework; sourceTree = BUILT_PRODUCTS_DIR; };
		37548E4320A989B400D665B4 /* ostkit.h */ = {isa = PBXFileReference; lastKnownFileType = sourcecode.c.h; path = ostkit.h; sourceTree = "<group>"; };
		37548E4420A989B400D665B4 /* Info.plist */ = {isa = PBXFileReference; lastKnownFileType = text.plist.xml; path = Info.plist; sourceTree = "<group>"; };
		37548E4920A989B400D665B4 /* ostkitTests.xctest */ = {isa = PBXFileReference; explicitFileType = wrapper.cfbundle; includeInIndex = 0; path = ostkitTests.xctest; sourceTree = BUILT_PRODUCTS_DIR; };
		37548E5020A989B400D665B4 /* Info.plist */ = {isa = PBXFileReference; lastKnownFileType = text.plist.xml; path = Info.plist; sourceTree = "<group>"; };
		37548E5E20A9F55C00D665B4 /* Helpers.swift */ = {isa = PBXFileReference; lastKnownFileType = sourcecode.swift; path = Helpers.swift; sourceTree = "<group>"; };
		375CE6C720B672790014DBE2 /* .travis.yml */ = {isa = PBXFileReference; lastKnownFileType = text; path = .travis.yml; sourceTree = "<group>"; };
		37A267DD20ADCA4500F46FE3 /* License.md */ = {isa = PBXFileReference; fileEncoding = 4; lastKnownFileType = net.daringfireball.markdown; path = License.md; sourceTree = "<group>"; };
		37A267DE20ADCA4500F46FE3 /* README.md */ = {isa = PBXFileReference; fileEncoding = 4; lastKnownFileType = net.daringfireball.markdown; path = README.md; sourceTree = "<group>"; };
		37CC911B20B7C22A00438E4A /* OSTSDKTests.swift */ = {isa = PBXFileReference; lastKnownFileType = sourcecode.swift; path = OSTSDKTests.swift; sourceTree = "<group>"; };
		37CC911F20B7C26600438E4A /* BaseTests.swift */ = {isa = PBXFileReference; lastKnownFileType = sourcecode.swift; path = BaseTests.swift; sourceTree = "<group>"; };
		37CC912320B7C35E00438E4A /* ServicesTests.swift */ = {isa = PBXFileReference; lastKnownFileType = sourcecode.swift; path = ServicesTests.swift; sourceTree = "<group>"; };
		37DF7A9B20AAA0A9007C7712 /* UserEndPoint.swift */ = {isa = PBXFileReference; lastKnownFileType = sourcecode.swift; path = UserEndPoint.swift; sourceTree = "<group>"; };
		37DF7A9F20AAA170007C7712 /* OSTSDK.swift */ = {isa = PBXFileReference; lastKnownFileType = sourcecode.swift; path = OSTSDK.swift; sourceTree = "<group>"; };
		37DF7AA120AAA23A007C7712 /* UserServices.swift */ = {isa = PBXFileReference; lastKnownFileType = sourcecode.swift; path = UserServices.swift; sourceTree = "<group>"; };
		37F6D97C20ABE5F700C384D8 /* TransactionTypeEndPoint.swift */ = {isa = PBXFileReference; lastKnownFileType = sourcecode.swift; path = TransactionTypeEndPoint.swift; sourceTree = "<group>"; };
		37F6D97E20ABEB1800C384D8 /* TransactionTypeServices.swift */ = {isa = PBXFileReference; lastKnownFileType = sourcecode.swift; path = TransactionTypeServices.swift; sourceTree = "<group>"; };
		37F6D98020ABED4500C384D8 /* Services.swift */ = {isa = PBXFileReference; lastKnownFileType = sourcecode.swift; path = Services.swift; sourceTree = "<group>"; };
		37F6D98320ABEF6E00C384D8 /* EndPoint.swift */ = {isa = PBXFileReference; lastKnownFileType = sourcecode.swift; path = EndPoint.swift; sourceTree = "<group>"; };
		37F6D98520ABF15300C384D8 /* RequestBuilder.swift */ = {isa = PBXFileReference; lastKnownFileType = sourcecode.swift; path = RequestBuilder.swift; sourceTree = "<group>"; };
/* End PBXFileReference section */

/* Begin PBXFrameworksBuildPhase section */
		3709074620B2A9F20007F5CB /* Frameworks */ = {
			isa = PBXFrameworksBuildPhase;
			buildActionMask = 2147483647;
			files = (
				3709077C20B2B1140007F5CB /* Alamofire.framework in Frameworks */,
				3709077D20B2B1140007F5CB /* CryptoSwift.framework in Frameworks */,
			);
			runOnlyForDeploymentPostprocessing = 0;
		};
		3709074F20B2A9F20007F5CB /* Frameworks */ = {
			isa = PBXFrameworksBuildPhase;
			buildActionMask = 2147483647;
			files = (
				3709075320B2A9F20007F5CB /* ostkit.framework in Frameworks */,
			);
			runOnlyForDeploymentPostprocessing = 0;
		};
		3726DCCC20B30A640026F9AF /* Frameworks */ = {
			isa = PBXFrameworksBuildPhase;
			buildActionMask = 2147483647;
			files = (
				3726DCE620B30AB70026F9AF /* Alamofire.framework in Frameworks */,
				3726DCE720B30AB70026F9AF /* CryptoSwift.framework in Frameworks */,
			);
			runOnlyForDeploymentPostprocessing = 0;
		};
		3726DCE920B30BC80026F9AF /* Frameworks */ = {
			isa = PBXFrameworksBuildPhase;
			buildActionMask = 2147483647;
			files = (
				3726DD0620B30C2A0026F9AF /* Alamofire.framework in Frameworks */,
				3726DD0720B30C2A0026F9AF /* CryptoSwift.framework in Frameworks */,
			);
			runOnlyForDeploymentPostprocessing = 0;
		};
		3726DCF220B30BC80026F9AF /* Frameworks */ = {
			isa = PBXFrameworksBuildPhase;
			buildActionMask = 2147483647;
			files = (
				3726DCF620B30BC80026F9AF /* ostkit.framework in Frameworks */,
			);
			runOnlyForDeploymentPostprocessing = 0;
		};
		37548E3C20A989B400D665B4 /* Frameworks */ = {
			isa = PBXFrameworksBuildPhase;
			buildActionMask = 2147483647;
			files = (
				371C577220AB3834008D72B9 /* Alamofire.framework in Frameworks */,
				371C577320AB3834008D72B9 /* CryptoSwift.framework in Frameworks */,
			);
			runOnlyForDeploymentPostprocessing = 0;
		};
		37548E4620A989B400D665B4 /* Frameworks */ = {
			isa = PBXFrameworksBuildPhase;
			buildActionMask = 2147483647;
			files = (
				37548E4A20A989B400D665B4 /* ostkit.framework in Frameworks */,
			);
			runOnlyForDeploymentPostprocessing = 0;
		};
/* End PBXFrameworksBuildPhase section */

/* Begin PBXGroup section */
		3709076F20B2B0450007F5CB /* Frameworks */ = {
			isa = PBXGroup;
			children = (
				3726DD0420B30C290026F9AF /* Alamofire.framework */,
				3726DD0520B30C290026F9AF /* CryptoSwift.framework */,
				3726DCE420B30AB70026F9AF /* Alamofire.framework */,
				3726DCE520B30AB70026F9AF /* CryptoSwift.framework */,
				3709077A20B2B1140007F5CB /* Alamofire.framework */,
				3709077B20B2B1140007F5CB /* CryptoSwift.framework */,
				371C577020AB3834008D72B9 /* Alamofire.framework */,
				371C577120AB3834008D72B9 /* CryptoSwift.framework */,
			);
			name = Frameworks;
			sourceTree = "<group>";
		};
		3709077520B2B0D10007F5CB /* macOS frameworks */ = {
			isa = PBXGroup;
			children = (
			);
			name = "macOS frameworks";
			sourceTree = "<group>";
		};
		371C576F20AB381D008D72B9 /* frameworks */ = {
			isa = PBXGroup;
			children = (
			);
			name = frameworks;
			sourceTree = "<group>";
		};
		37548E3620A989B400D665B4 = {
			isa = PBXGroup;
			children = (
				375CE6C720B672790014DBE2 /* .travis.yml */,
				3709074220B289F00007F5CB /* Package.swift */,
				37A267DD20ADCA4500F46FE3 /* License.md */,
				37A267DE20ADCA4500F46FE3 /* README.md */,
				37548E4220A989B400D665B4 /* Sources */,
				37548E4D20A989B400D665B4 /* ostkitTests */,
				37548E4120A989B400D665B4 /* Products */,
				3709076F20B2B0450007F5CB /* Frameworks */,
			);
			sourceTree = "<group>";
		};
		37548E4120A989B400D665B4 /* Products */ = {
			isa = PBXGroup;
			children = (
				37548E4020A989B400D665B4 /* ostkit.framework */,
				37548E4920A989B400D665B4 /* ostkitTests.xctest */,
				3709074A20B2A9F20007F5CB /* ostkit.framework */,
				3709075220B2A9F20007F5CB /* ostkit macOSTests.xctest */,
				3726DCD020B30A640026F9AF /* ostkit.framework */,
				3726DCED20B30BC80026F9AF /* ostkit.framework */,
				3726DCF520B30BC80026F9AF /* ostkit tvOSTests.xctest */,
			);
			name = Products;
			sourceTree = "<group>";
		};
		37548E4220A989B400D665B4 /* Sources */ = {
			isa = PBXGroup;
			children = (
				3709077520B2B0D10007F5CB /* macOS frameworks */,
				37548E4420A989B400D665B4 /* Info.plist */,
				37548E4320A989B400D665B4 /* ostkit.h */,
				37F6D98320ABEF6E00C384D8 /* EndPoint.swift */,
				37F6D98520ABF15300C384D8 /* RequestBuilder.swift */,
				37DF7A9B20AAA0A9007C7712 /* UserEndPoint.swift */,
				375380E020AB59A6005279D8 /* AirDropEndPoint.swift */,
				37F6D97C20ABE5F700C384D8 /* TransactionTypeEndPoint.swift */,
				37548E5E20A9F55C00D665B4 /* Helpers.swift */,
				371C577520AB4E84008D72B9 /* CustomResponse.swift */,
				37F6D98020ABED4500C384D8 /* Services.swift */,
				37DF7AA120AAA23A007C7712 /* UserServices.swift */,
				37F6D97E20ABEB1800C384D8 /* TransactionTypeServices.swift */,
				37DF7A9F20AAA170007C7712 /* OSTSDK.swift */,
				371C576F20AB381D008D72B9 /* frameworks */,
			);
			path = Sources;
			sourceTree = "<group>";
		};
		37548E4D20A989B400D665B4 /* ostkitTests */ = {
			isa = PBXGroup;
			children = (
				37CC911F20B7C26600438E4A /* BaseTests.swift */,
				373EA84A20B7AD8D00AD35D5 /* RequestBuilderTests.swift */,
				37CC911B20B7C22A00438E4A /* OSTSDKTests.swift */,
				37CC912320B7C35E00438E4A /* ServicesTests.swift */,
				37548E5020A989B400D665B4 /* Info.plist */,
			);
			path = ostkitTests;
			sourceTree = "<group>";
		};
/* End PBXGroup section */

/* Begin PBXHeadersBuildPhase section */
		3709074720B2A9F20007F5CB /* Headers */ = {
			isa = PBXHeadersBuildPhase;
			buildActionMask = 2147483647;
			files = (
				3709076120B2AEFF0007F5CB /* ostkit.h in Headers */,
			);
			runOnlyForDeploymentPostprocessing = 0;
		};
		3726DCCD20B30A640026F9AF /* Headers */ = {
			isa = PBXHeadersBuildPhase;
			buildActionMask = 2147483647;
			files = (
				3726DCD820B30A810026F9AF /* ostkit.h in Headers */,
			);
			runOnlyForDeploymentPostprocessing = 0;
		};
		3726DCEA20B30BC80026F9AF /* Headers */ = {
			isa = PBXHeadersBuildPhase;
			buildActionMask = 2147483647;
			files = (
				3726DD0A20B30CC90026F9AF /* ostkit.h in Headers */,
			);
			runOnlyForDeploymentPostprocessing = 0;
		};
		37548E3D20A989B400D665B4 /* Headers */ = {
			isa = PBXHeadersBuildPhase;
			buildActionMask = 2147483647;
			files = (
				37548E5120A989B400D665B4 /* ostkit.h in Headers */,
			);
			runOnlyForDeploymentPostprocessing = 0;
		};
/* End PBXHeadersBuildPhase section */

/* Begin PBXNativeTarget section */
		3709074920B2A9F20007F5CB /* ostkit macOS */ = {
			isa = PBXNativeTarget;
			buildConfigurationList = 3709075F20B2A9F20007F5CB /* Build configuration list for PBXNativeTarget "ostkit macOS" */;
			buildPhases = (
				3709074520B2A9F20007F5CB /* Sources */,
				3709074620B2A9F20007F5CB /* Frameworks */,
				3709074720B2A9F20007F5CB /* Headers */,
				3709074820B2A9F20007F5CB /* Resources */,
				3709077420B2B05D0007F5CB /* ShellScript */,
			);
			buildRules = (
			);
			dependencies = (
			);
			name = "ostkit macOS";
			productName = "ostkit macOS";
			productReference = 3709074A20B2A9F20007F5CB /* ostkit.framework */;
			productType = "com.apple.product-type.framework";
		};
		3709075120B2A9F20007F5CB /* ostkit macOSTests */ = {
			isa = PBXNativeTarget;
			buildConfigurationList = 3709076020B2A9F20007F5CB /* Build configuration list for PBXNativeTarget "ostkit macOSTests" */;
			buildPhases = (
				3709074E20B2A9F20007F5CB /* Sources */,
				3709074F20B2A9F20007F5CB /* Frameworks */,
				3709075020B2A9F20007F5CB /* Resources */,
			);
			buildRules = (
			);
			dependencies = (
				3709075520B2A9F20007F5CB /* PBXTargetDependency */,
			);
			name = "ostkit macOSTests";
			productName = "ostkit macOSTests";
			productReference = 3709075220B2A9F20007F5CB /* ostkit macOSTests.xctest */;
			productType = "com.apple.product-type.bundle.unit-test";
		};
		3726DCCF20B30A640026F9AF /* ostkit watchOS */ = {
			isa = PBXNativeTarget;
			buildConfigurationList = 3726DCD520B30A640026F9AF /* Build configuration list for PBXNativeTarget "ostkit watchOS" */;
			buildPhases = (
				3726DCCB20B30A640026F9AF /* Sources */,
				3726DCCC20B30A640026F9AF /* Frameworks */,
				3726DCCD20B30A640026F9AF /* Headers */,
				3726DCCE20B30A640026F9AF /* Resources */,
				3726DD0820B30C490026F9AF /* ShellScript */,
			);
			buildRules = (
			);
			dependencies = (
			);
			name = "ostkit watchOS";
			productName = "ostkit watchOS";
			productReference = 3726DCD020B30A640026F9AF /* ostkit.framework */;
			productType = "com.apple.product-type.framework";
		};
		3726DCEC20B30BC80026F9AF /* ostkit tvOS */ = {
			isa = PBXNativeTarget;
			buildConfigurationList = 3726DCFE20B30BC80026F9AF /* Build configuration list for PBXNativeTarget "ostkit tvOS" */;
			buildPhases = (
				3726DCE820B30BC80026F9AF /* Sources */,
				3726DCE920B30BC80026F9AF /* Frameworks */,
				3726DCEA20B30BC80026F9AF /* Headers */,
				3726DCEB20B30BC80026F9AF /* Resources */,
				3726DD0920B30C810026F9AF /* ShellScript */,
			);
			buildRules = (
			);
			dependencies = (
			);
			name = "ostkit tvOS";
			productName = "ostkit tvOS";
			productReference = 3726DCED20B30BC80026F9AF /* ostkit.framework */;
			productType = "com.apple.product-type.framework";
		};
		3726DCF420B30BC80026F9AF /* ostkit tvOSTests */ = {
			isa = PBXNativeTarget;
			buildConfigurationList = 3726DD0120B30BC80026F9AF /* Build configuration list for PBXNativeTarget "ostkit tvOSTests" */;
			buildPhases = (
				3726DCF120B30BC80026F9AF /* Sources */,
				3726DCF220B30BC80026F9AF /* Frameworks */,
				3726DCF320B30BC80026F9AF /* Resources */,
			);
			buildRules = (
			);
			dependencies = (
				3726DCF820B30BC80026F9AF /* PBXTargetDependency */,
			);
			name = "ostkit tvOSTests";
			productName = "ostkit tvOSTests";
			productReference = 3726DCF520B30BC80026F9AF /* ostkit tvOSTests.xctest */;
			productType = "com.apple.product-type.bundle.unit-test";
		};
		37548E3F20A989B400D665B4 /* ostkit */ = {
			isa = PBXNativeTarget;
			buildConfigurationList = 37548E5420A989B400D665B4 /* Build configuration list for PBXNativeTarget "ostkit" */;
			buildPhases = (
				37548E3B20A989B400D665B4 /* Sources */,
				37548E3C20A989B400D665B4 /* Frameworks */,
				37548E3D20A989B400D665B4 /* Headers */,
				37548E3E20A989B400D665B4 /* Resources */,
				371C576E20AB37D6008D72B9 /* ShellScript */,
			);
			buildRules = (
			);
			dependencies = (
			);
			name = ostkit;
			productName = ostkit;
			productReference = 37548E4020A989B400D665B4 /* ostkit.framework */;
			productType = "com.apple.product-type.framework";
		};
		37548E4820A989B400D665B4 /* ostkitTests */ = {
			isa = PBXNativeTarget;
			buildConfigurationList = 37548E5720A989B400D665B4 /* Build configuration list for PBXNativeTarget "ostkitTests" */;
			buildPhases = (
				37548E4520A989B400D665B4 /* Sources */,
				37548E4620A989B400D665B4 /* Frameworks */,
				37548E4720A989B400D665B4 /* Resources */,
			);
			buildRules = (
			);
			dependencies = (
				37548E4C20A989B400D665B4 /* PBXTargetDependency */,
			);
			name = ostkitTests;
			productName = ostkitTests;
			productReference = 37548E4920A989B400D665B4 /* ostkitTests.xctest */;
			productType = "com.apple.product-type.bundle.unit-test";
		};
/* End PBXNativeTarget section */

/* Begin PBXProject section */
		37548E3720A989B400D665B4 /* Project object */ = {
			isa = PBXProject;
			attributes = {
				LastSwiftUpdateCheck = 0930;
				LastUpgradeCheck = 0930;
				ORGANIZATIONNAME = "Duong Khong";
				TargetAttributes = {
					3709074920B2A9F20007F5CB = {
						CreatedOnToolsVersion = 9.3.1;
					};
					3709075120B2A9F20007F5CB = {
						CreatedOnToolsVersion = 9.3.1;
					};
					3726DCCF20B30A640026F9AF = {
						CreatedOnToolsVersion = 9.3.1;
					};
					3726DCEC20B30BC80026F9AF = {
						CreatedOnToolsVersion = 9.3.1;
					};
					3726DCF420B30BC80026F9AF = {
						CreatedOnToolsVersion = 9.3.1;
					};
					37548E3F20A989B400D665B4 = {
						CreatedOnToolsVersion = 9.3.1;
						LastSwiftMigration = 0930;
					};
					37548E4820A989B400D665B4 = {
						CreatedOnToolsVersion = 9.3.1;
					};
				};
			};
			buildConfigurationList = 37548E3A20A989B400D665B4 /* Build configuration list for PBXProject "ostkit" */;
			compatibilityVersion = "Xcode 9.3";
			developmentRegion = en;
			hasScannedForEncodings = 0;
			knownRegions = (
				en,
				Base,
			);
			mainGroup = 37548E3620A989B400D665B4;
			productRefGroup = 37548E4120A989B400D665B4 /* Products */;
			projectDirPath = "";
			projectRoot = "";
			targets = (
				37548E3F20A989B400D665B4 /* ostkit */,
				37548E4820A989B400D665B4 /* ostkitTests */,
				3709074920B2A9F20007F5CB /* ostkit macOS */,
				3709075120B2A9F20007F5CB /* ostkit macOSTests */,
				3726DCCF20B30A640026F9AF /* ostkit watchOS */,
				3726DCEC20B30BC80026F9AF /* ostkit tvOS */,
				3726DCF420B30BC80026F9AF /* ostkit tvOSTests */,
			);
		};
/* End PBXProject section */

/* Begin PBXResourcesBuildPhase section */
		3709074820B2A9F20007F5CB /* Resources */ = {
			isa = PBXResourcesBuildPhase;
			buildActionMask = 2147483647;
			files = (
			);
			runOnlyForDeploymentPostprocessing = 0;
		};
		3709075020B2A9F20007F5CB /* Resources */ = {
			isa = PBXResourcesBuildPhase;
			buildActionMask = 2147483647;
			files = (
			);
			runOnlyForDeploymentPostprocessing = 0;
		};
		3726DCCE20B30A640026F9AF /* Resources */ = {
			isa = PBXResourcesBuildPhase;
			buildActionMask = 2147483647;
			files = (
			);
			runOnlyForDeploymentPostprocessing = 0;
		};
		3726DCEB20B30BC80026F9AF /* Resources */ = {
			isa = PBXResourcesBuildPhase;
			buildActionMask = 2147483647;
			files = (
			);
			runOnlyForDeploymentPostprocessing = 0;
		};
		3726DCF320B30BC80026F9AF /* Resources */ = {
			isa = PBXResourcesBuildPhase;
			buildActionMask = 2147483647;
			files = (
			);
			runOnlyForDeploymentPostprocessing = 0;
		};
		37548E3E20A989B400D665B4 /* Resources */ = {
			isa = PBXResourcesBuildPhase;
			buildActionMask = 2147483647;
			files = (
				375CE6C820B672790014DBE2 /* .travis.yml in Resources */,
				37A267E020ADCA4500F46FE3 /* README.md in Resources */,
				37A267DF20ADCA4500F46FE3 /* License.md in Resources */,
			);
			runOnlyForDeploymentPostprocessing = 0;
		};
		37548E4720A989B400D665B4 /* Resources */ = {
			isa = PBXResourcesBuildPhase;
			buildActionMask = 2147483647;
			files = (
			);
			runOnlyForDeploymentPostprocessing = 0;
		};
/* End PBXResourcesBuildPhase section */

/* Begin PBXShellScriptBuildPhase section */
		3709077420B2B05D0007F5CB /* ShellScript */ = {
			isa = PBXShellScriptBuildPhase;
			buildActionMask = 2147483647;
			files = (
			);
			inputPaths = (
				"$(SRCROOT)/Carthage/Build/Mac/Alamofire.framework",
				"$(SRCROOT)/Carthage/Build/Mac/CryptoSwift.framework",
			);
			outputPaths = (
			);
			runOnlyForDeploymentPostprocessing = 0;
			shellPath = /bin/sh;
			shellScript = "/usr/local/bin/carthage copy-frameworks";
		};
		371C576E20AB37D6008D72B9 /* ShellScript */ = {
			isa = PBXShellScriptBuildPhase;
			buildActionMask = 2147483647;
			files = (
			);
			inputPaths = (
				"$(SRCROOT)/Carthage/Build/iOS/Alamofire.framework",
				"$(SRCROOT)/Carthage/Build/iOS/CryptoSwift.framework",
			);
			outputPaths = (
			);
			runOnlyForDeploymentPostprocessing = 0;
			shellPath = /bin/sh;
			shellScript = "/usr/local/bin/carthage copy-frameworks";
		};
		3726DD0820B30C490026F9AF /* ShellScript */ = {
			isa = PBXShellScriptBuildPhase;
			buildActionMask = 2147483647;
			files = (
			);
			inputPaths = (
				"$(SRCROOT)/Carthage/Build/watchOS/Alamofire.framework",
				"$(SRCROOT)/Carthage/Build/watchOS/CryptoSwift.framework",
			);
			outputPaths = (
			);
			runOnlyForDeploymentPostprocessing = 0;
			shellPath = /bin/sh;
			shellScript = "/usr/local/bin/carthage copy-frameworks";
		};
		3726DD0920B30C810026F9AF /* ShellScript */ = {
			isa = PBXShellScriptBuildPhase;
			buildActionMask = 2147483647;
			files = (
			);
			inputPaths = (
				"$(SRCROOT)/Carthage/Build/tvOS/Alamofire.framework",
				"$(SRCROOT)/Carthage/Build/tvOS/CryptoSwift.framework",
			);
			outputPaths = (
			);
			runOnlyForDeploymentPostprocessing = 0;
			shellPath = /bin/sh;
			shellScript = "/usr/local/bin/carthage copy-frameworks";
		};
/* End PBXShellScriptBuildPhase section */

/* Begin PBXSourcesBuildPhase section */
		3709074520B2A9F20007F5CB /* Sources */ = {
			isa = PBXSourcesBuildPhase;
			buildActionMask = 2147483647;
			files = (
				3709076620B2AEFF0007F5CB /* TransactionTypeEndPoint.swift in Sources */,
				3709076A20B2AEFF0007F5CB /* UserServices.swift in Sources */,
				3709076820B2AEFF0007F5CB /* CustomResponse.swift in Sources */,
				3709076C20B2AEFF0007F5CB /* OSTSDK.swift in Sources */,
				3709076720B2AEFF0007F5CB /* Helpers.swift in Sources */,
				3709076B20B2AEFF0007F5CB /* TransactionTypeServices.swift in Sources */,
				3709076420B2AEFF0007F5CB /* UserEndPoint.swift in Sources */,
				3709076220B2AEFF0007F5CB /* EndPoint.swift in Sources */,
				3709076920B2AEFF0007F5CB /* Services.swift in Sources */,
				3709076520B2AEFF0007F5CB /* AirDropEndPoint.swift in Sources */,
				3709076320B2AEFF0007F5CB /* RequestBuilder.swift in Sources */,
			);
			runOnlyForDeploymentPostprocessing = 0;
		};
		3709074E20B2A9F20007F5CB /* Sources */ = {
			isa = PBXSourcesBuildPhase;
			buildActionMask = 2147483647;
			files = (
				373EA84C20B7AD8D00AD35D5 /* RequestBuilderTests.swift in Sources */,
				37CC912520B7C35E00438E4A /* ServicesTests.swift in Sources */,
				37CC911D20B7C22A00438E4A /* OSTSDKTests.swift in Sources */,
				37CC912120B7C26600438E4A /* BaseTests.swift in Sources */,
			);
			runOnlyForDeploymentPostprocessing = 0;
		};
		3726DCCB20B30A640026F9AF /* Sources */ = {
			isa = PBXSourcesBuildPhase;
			buildActionMask = 2147483647;
			files = (
				3726DCDD20B30A810026F9AF /* TransactionTypeEndPoint.swift in Sources */,
				3726DCE120B30A810026F9AF /* UserServices.swift in Sources */,
				3726DCDF20B30A810026F9AF /* CustomResponse.swift in Sources */,
				3726DCE320B30A810026F9AF /* OSTSDK.swift in Sources */,
				3726DCDE20B30A810026F9AF /* Helpers.swift in Sources */,
				3726DCE220B30A810026F9AF /* TransactionTypeServices.swift in Sources */,
				3726DCDB20B30A810026F9AF /* UserEndPoint.swift in Sources */,
				3726DCD920B30A810026F9AF /* EndPoint.swift in Sources */,
				3726DCE020B30A810026F9AF /* Services.swift in Sources */,
				3726DCDC20B30A810026F9AF /* AirDropEndPoint.swift in Sources */,
				3726DCDA20B30A810026F9AF /* RequestBuilder.swift in Sources */,
			);
			runOnlyForDeploymentPostprocessing = 0;
		};
		3726DCE820B30BC80026F9AF /* Sources */ = {
			isa = PBXSourcesBuildPhase;
			buildActionMask = 2147483647;
			files = (
				3726DD0F20B30CC90026F9AF /* TransactionTypeEndPoint.swift in Sources */,
				3726DD1320B30CC90026F9AF /* UserServices.swift in Sources */,
				3726DD1120B30CC90026F9AF /* CustomResponse.swift in Sources */,
				3726DD1520B30CC90026F9AF /* OSTSDK.swift in Sources */,
				3726DD1020B30CC90026F9AF /* Helpers.swift in Sources */,
				3726DD1420B30CC90026F9AF /* TransactionTypeServices.swift in Sources */,
				3726DD0D20B30CC90026F9AF /* UserEndPoint.swift in Sources */,
				3726DD0B20B30CC90026F9AF /* EndPoint.swift in Sources */,
				3726DD1220B30CC90026F9AF /* Services.swift in Sources */,
				3726DD0E20B30CC90026F9AF /* AirDropEndPoint.swift in Sources */,
				3726DD0C20B30CC90026F9AF /* RequestBuilder.swift in Sources */,
			);
			runOnlyForDeploymentPostprocessing = 0;
		};
		3726DCF120B30BC80026F9AF /* Sources */ = {
			isa = PBXSourcesBuildPhase;
			buildActionMask = 2147483647;
			files = (
				373EA84D20B7AD8D00AD35D5 /* RequestBuilderTests.swift in Sources */,
				37CC912620B7C35E00438E4A /* ServicesTests.swift in Sources */,
				37CC911E20B7C22A00438E4A /* OSTSDKTests.swift in Sources */,
				37CC912220B7C26600438E4A /* BaseTests.swift in Sources */,
			);
			runOnlyForDeploymentPostprocessing = 0;
		};
		37548E3B20A989B400D665B4 /* Sources */ = {
			isa = PBXSourcesBuildPhase;
			buildActionMask = 2147483647;
			files = (
				37DF7AA220AAA23A007C7712 /* UserServices.swift in Sources */,
				37F6D97D20ABE5F700C384D8 /* TransactionTypeEndPoint.swift in Sources */,
				37F6D98420ABEF6E00C384D8 /* EndPoint.swift in Sources */,
				371C577620AB4E84008D72B9 /* CustomResponse.swift in Sources */,
				37DF7A9C20AAA0A9007C7712 /* UserEndPoint.swift in Sources */,
				37F6D97F20ABEB1800C384D8 /* TransactionTypeServices.swift in Sources */,
				375380E120AB59A6005279D8 /* AirDropEndPoint.swift in Sources */,
				37F6D98620ABF15300C384D8 /* RequestBuilder.swift in Sources */,
				37548E5F20A9F55C00D665B4 /* Helpers.swift in Sources */,
				37F6D98120ABED4500C384D8 /* Services.swift in Sources */,
				37DF7AA020AAA170007C7712 /* OSTSDK.swift in Sources */,
			);
			runOnlyForDeploymentPostprocessing = 0;
		};
		37548E4520A989B400D665B4 /* Sources */ = {
			isa = PBXSourcesBuildPhase;
			buildActionMask = 2147483647;
			files = (
				373EA84B20B7AD8D00AD35D5 /* RequestBuilderTests.swift in Sources */,
				37CC912420B7C35E00438E4A /* ServicesTests.swift in Sources */,
				37CC911C20B7C22A00438E4A /* OSTSDKTests.swift in Sources */,
				37CC912020B7C26600438E4A /* BaseTests.swift in Sources */,
			);
			runOnlyForDeploymentPostprocessing = 0;
		};
/* End PBXSourcesBuildPhase section */

/* Begin PBXTargetDependency section */
		3709075520B2A9F20007F5CB /* PBXTargetDependency */ = {
			isa = PBXTargetDependency;
			target = 3709074920B2A9F20007F5CB /* ostkit macOS */;
			targetProxy = 3709075420B2A9F20007F5CB /* PBXContainerItemProxy */;
		};
		3726DCF820B30BC80026F9AF /* PBXTargetDependency */ = {
			isa = PBXTargetDependency;
			target = 3726DCEC20B30BC80026F9AF /* ostkit tvOS */;
			targetProxy = 3726DCF720B30BC80026F9AF /* PBXContainerItemProxy */;
		};
		37548E4C20A989B400D665B4 /* PBXTargetDependency */ = {
			isa = PBXTargetDependency;
			target = 37548E3F20A989B400D665B4 /* ostkit */;
			targetProxy = 37548E4B20A989B400D665B4 /* PBXContainerItemProxy */;
		};
/* End PBXTargetDependency section */

/* Begin XCBuildConfiguration section */
		3709075B20B2A9F20007F5CB /* Debug */ = {
			isa = XCBuildConfiguration;
			buildSettings = {
				CODE_SIGN_IDENTITY = "";
				CODE_SIGN_INJECT_BASE_ENTITLEMENTS = NO;
				CODE_SIGN_STYLE = Manual;
				COMBINE_HIDPI_IMAGES = YES;
				DEFINES_MODULE = YES;
				DEVELOPMENT_TEAM = "";
				DYLIB_COMPATIBILITY_VERSION = 1;
				DYLIB_CURRENT_VERSION = 1;
				DYLIB_INSTALL_NAME_BASE = "@rpath";
				FRAMEWORK_SEARCH_PATHS = (
					"$(inherited)",
					"$(PROJECT_DIR)/Carthage/Build/Mac",
				);
				FRAMEWORK_VERSION = A;
				INFOPLIST_FILE = "$(SRCROOT)/Sources/Info.plist";
				INSTALL_PATH = "$(LOCAL_LIBRARY_DIR)/Frameworks";
				LD_RUNPATH_SEARCH_PATHS = (
					"$(inherited)",
					"@executable_path/../Frameworks",
					"@loader_path/Frameworks",
				);
				MACOSX_DEPLOYMENT_TARGET = 10.10;
				PRODUCT_BUNDLE_IDENTIFIER = "com.duongkhong.ostkit-macOS";
				PRODUCT_NAME = ostkit;
				PROVISIONING_PROFILE_SPECIFIER = "";
				SDKROOT = macosx;
				SKIP_INSTALL = YES;
				SWIFT_VERSION = 4.0;
			};
			name = Debug;
		};
		3709075C20B2A9F20007F5CB /* Release */ = {
			isa = XCBuildConfiguration;
			buildSettings = {
				CODE_SIGN_IDENTITY = "";
				CODE_SIGN_INJECT_BASE_ENTITLEMENTS = NO;
				CODE_SIGN_STYLE = Manual;
				COMBINE_HIDPI_IMAGES = YES;
				DEFINES_MODULE = YES;
				DEVELOPMENT_TEAM = "";
				DYLIB_COMPATIBILITY_VERSION = 1;
				DYLIB_CURRENT_VERSION = 1;
				DYLIB_INSTALL_NAME_BASE = "@rpath";
				FRAMEWORK_SEARCH_PATHS = (
					"$(inherited)",
					"$(PROJECT_DIR)/Carthage/Build/Mac",
				);
				FRAMEWORK_VERSION = A;
				INFOPLIST_FILE = "$(SRCROOT)/Sources/Info.plist";
				INSTALL_PATH = "$(LOCAL_LIBRARY_DIR)/Frameworks";
				LD_RUNPATH_SEARCH_PATHS = (
					"$(inherited)",
					"@executable_path/../Frameworks",
					"@loader_path/Frameworks",
				);
				MACOSX_DEPLOYMENT_TARGET = 10.10;
				PRODUCT_BUNDLE_IDENTIFIER = "com.duongkhong.ostkit-macOS";
				PRODUCT_NAME = ostkit;
				PROVISIONING_PROFILE_SPECIFIER = "";
				SDKROOT = macosx;
				SKIP_INSTALL = YES;
				SWIFT_VERSION = 4.0;
			};
			name = Release;
		};
		3709075D20B2A9F20007F5CB /* Debug */ = {
			isa = XCBuildConfiguration;
			buildSettings = {
				ALWAYS_EMBED_SWIFT_STANDARD_LIBRARIES = YES;
				CODE_SIGN_IDENTITY = "";
				CODE_SIGN_STYLE = Manual;
				COMBINE_HIDPI_IMAGES = YES;
				DEVELOPMENT_TEAM = "";
				INFOPLIST_FILE = ostkitTests/Info.plist;
				LD_RUNPATH_SEARCH_PATHS = (
					"$(inherited)",
					"@executable_path/../Frameworks",
					"@loader_path/../Frameworks",
				);
				MACOSX_DEPLOYMENT_TARGET = 10.13;
				PRODUCT_BUNDLE_IDENTIFIER = "com.duongkhong.ostkit-macOSTests";
				PRODUCT_NAME = "$(TARGET_NAME)";
				PROVISIONING_PROFILE_SPECIFIER = "";
				SDKROOT = macosx;
				SWIFT_VERSION = 4.0;
			};
			name = Debug;
		};
		3709075E20B2A9F20007F5CB /* Release */ = {
			isa = XCBuildConfiguration;
			buildSettings = {
				ALWAYS_EMBED_SWIFT_STANDARD_LIBRARIES = YES;
				CODE_SIGN_IDENTITY = "";
				CODE_SIGN_STYLE = Manual;
				COMBINE_HIDPI_IMAGES = YES;
				DEVELOPMENT_TEAM = "";
				INFOPLIST_FILE = ostkitTests/Info.plist;
				LD_RUNPATH_SEARCH_PATHS = (
					"$(inherited)",
					"@executable_path/../Frameworks",
					"@loader_path/../Frameworks",
				);
				MACOSX_DEPLOYMENT_TARGET = 10.13;
				PRODUCT_BUNDLE_IDENTIFIER = "com.duongkhong.ostkit-macOSTests";
				PRODUCT_NAME = "$(TARGET_NAME)";
				PROVISIONING_PROFILE_SPECIFIER = "";
				SDKROOT = macosx;
				SWIFT_VERSION = 4.0;
			};
			name = Release;
		};
		3726DCD620B30A640026F9AF /* Debug */ = {
			isa = XCBuildConfiguration;
			buildSettings = {
				APPLICATION_EXTENSION_API_ONLY = YES;
				CODE_SIGN_IDENTITY = "";
				CODE_SIGN_STYLE = Manual;
				DEFINES_MODULE = YES;
				DEVELOPMENT_TEAM = "";
				DYLIB_COMPATIBILITY_VERSION = 1;
				DYLIB_CURRENT_VERSION = 1;
				DYLIB_INSTALL_NAME_BASE = "@rpath";
				FRAMEWORK_SEARCH_PATHS = (
					"$(inherited)",
					"$(PROJECT_DIR)/Carthage/Build/watchOS",
				);
				INFOPLIST_FILE = "$(SRCROOT)/Sources/Info.plist";
				INSTALL_PATH = "$(LOCAL_LIBRARY_DIR)/Frameworks";
				LD_RUNPATH_SEARCH_PATHS = (
					"$(inherited)",
					"@executable_path/Frameworks",
					"@loader_path/Frameworks",
				);
				PRODUCT_BUNDLE_IDENTIFIER = "com.duongkhong.ostkit-watchOS";
				PRODUCT_NAME = ostkit;
				PROVISIONING_PROFILE_SPECIFIER = "";
				SDKROOT = watchos;
				SKIP_INSTALL = YES;
				SWIFT_VERSION = 4.0;
				TARGETED_DEVICE_FAMILY = 4;
				WATCHOS_DEPLOYMENT_TARGET = 2.0;
			};
			name = Debug;
		};
		3726DCD720B30A640026F9AF /* Release */ = {
			isa = XCBuildConfiguration;
			buildSettings = {
				APPLICATION_EXTENSION_API_ONLY = YES;
				CODE_SIGN_IDENTITY = "";
				CODE_SIGN_STYLE = Manual;
				DEFINES_MODULE = YES;
				DEVELOPMENT_TEAM = "";
				DYLIB_COMPATIBILITY_VERSION = 1;
				DYLIB_CURRENT_VERSION = 1;
				DYLIB_INSTALL_NAME_BASE = "@rpath";
				FRAMEWORK_SEARCH_PATHS = (
					"$(inherited)",
					"$(PROJECT_DIR)/Carthage/Build/watchOS",
				);
				INFOPLIST_FILE = "$(SRCROOT)/Sources/Info.plist";
				INSTALL_PATH = "$(LOCAL_LIBRARY_DIR)/Frameworks";
				LD_RUNPATH_SEARCH_PATHS = (
					"$(inherited)",
					"@executable_path/Frameworks",
					"@loader_path/Frameworks",
				);
				PRODUCT_BUNDLE_IDENTIFIER = "com.duongkhong.ostkit-watchOS";
				PRODUCT_NAME = ostkit;
				PROVISIONING_PROFILE_SPECIFIER = "";
				SDKROOT = watchos;
				SKIP_INSTALL = YES;
				SWIFT_VERSION = 4.0;
				TARGETED_DEVICE_FAMILY = 4;
				WATCHOS_DEPLOYMENT_TARGET = 2.0;
			};
			name = Release;
		};
		3726DCFF20B30BC80026F9AF /* Debug */ = {
			isa = XCBuildConfiguration;
			buildSettings = {
				CODE_SIGN_IDENTITY = "";
				CODE_SIGN_STYLE = Manual;
				DEFINES_MODULE = YES;
				DEVELOPMENT_TEAM = "";
				DYLIB_COMPATIBILITY_VERSION = 1;
				DYLIB_CURRENT_VERSION = 1;
				DYLIB_INSTALL_NAME_BASE = "@rpath";
				FRAMEWORK_SEARCH_PATHS = (
					"$(inherited)",
					"$(PROJECT_DIR)/Carthage/Build/tvOS",
				);
				INFOPLIST_FILE = "$(SRCROOT)/Sources/Info.plist";
				INSTALL_PATH = "$(LOCAL_LIBRARY_DIR)/Frameworks";
				LD_RUNPATH_SEARCH_PATHS = (
					"$(inherited)",
					"@executable_path/Frameworks",
					"@loader_path/Frameworks",
				);
				PRODUCT_BUNDLE_IDENTIFIER = "com.duongkhong.ostkit-tvOS";
				PRODUCT_NAME = ostkit;
				PROVISIONING_PROFILE_SPECIFIER = "";
				SDKROOT = appletvos;
				SKIP_INSTALL = YES;
				SWIFT_VERSION = 4.0;
				TARGETED_DEVICE_FAMILY = 3;
				TVOS_DEPLOYMENT_TARGET = 9.0;
			};
			name = Debug;
		};
		3726DD0020B30BC80026F9AF /* Release */ = {
			isa = XCBuildConfiguration;
			buildSettings = {
				CODE_SIGN_IDENTITY = "";
				CODE_SIGN_STYLE = Manual;
				DEFINES_MODULE = YES;
				DEVELOPMENT_TEAM = "";
				DYLIB_COMPATIBILITY_VERSION = 1;
				DYLIB_CURRENT_VERSION = 1;
				DYLIB_INSTALL_NAME_BASE = "@rpath";
				FRAMEWORK_SEARCH_PATHS = (
					"$(inherited)",
					"$(PROJECT_DIR)/Carthage/Build/tvOS",
				);
				INFOPLIST_FILE = "$(SRCROOT)/Sources/Info.plist";
				INSTALL_PATH = "$(LOCAL_LIBRARY_DIR)/Frameworks";
				LD_RUNPATH_SEARCH_PATHS = (
					"$(inherited)",
					"@executable_path/Frameworks",
					"@loader_path/Frameworks",
				);
				PRODUCT_BUNDLE_IDENTIFIER = "com.duongkhong.ostkit-tvOS";
				PRODUCT_NAME = ostkit;
				PROVISIONING_PROFILE_SPECIFIER = "";
				SDKROOT = appletvos;
				SKIP_INSTALL = YES;
				SWIFT_VERSION = 4.0;
				TARGETED_DEVICE_FAMILY = 3;
				TVOS_DEPLOYMENT_TARGET = 9.0;
			};
			name = Release;
		};
		3726DD0220B30BC80026F9AF /* Debug */ = {
			isa = XCBuildConfiguration;
			buildSettings = {
				ALWAYS_EMBED_SWIFT_STANDARD_LIBRARIES = YES;
				CODE_SIGN_IDENTITY = "iPhone Developer";
				CODE_SIGN_STYLE = Automatic;
				DEVELOPMENT_TEAM = L8BLZZ773P;
				INFOPLIST_FILE = ostkitTests/Info.plist;
				LD_RUNPATH_SEARCH_PATHS = (
					"$(inherited)",
					"@executable_path/Frameworks",
					"@loader_path/Frameworks",
				);
				PRODUCT_BUNDLE_IDENTIFIER = "com.duongkhong.ostkit-tvOSTests";
				PRODUCT_NAME = "$(TARGET_NAME)";
				PROVISIONING_PROFILE_SPECIFIER = "";
				SDKROOT = appletvos;
				SWIFT_VERSION = 4.0;
				TARGETED_DEVICE_FAMILY = 3;
				TVOS_DEPLOYMENT_TARGET = 11.3;
			};
			name = Debug;
		};
		3726DD0320B30BC80026F9AF /* Release */ = {
			isa = XCBuildConfiguration;
			buildSettings = {
				ALWAYS_EMBED_SWIFT_STANDARD_LIBRARIES = YES;
				CODE_SIGN_IDENTITY = "iPhone Developer";
				CODE_SIGN_STYLE = Automatic;
				DEVELOPMENT_TEAM = L8BLZZ773P;
				INFOPLIST_FILE = ostkitTests/Info.plist;
				LD_RUNPATH_SEARCH_PATHS = (
					"$(inherited)",
					"@executable_path/Frameworks",
					"@loader_path/Frameworks",
				);
				PRODUCT_BUNDLE_IDENTIFIER = "com.duongkhong.ostkit-tvOSTests";
				PRODUCT_NAME = "$(TARGET_NAME)";
				PROVISIONING_PROFILE_SPECIFIER = "";
				SDKROOT = appletvos;
				SWIFT_VERSION = 4.0;
				TARGETED_DEVICE_FAMILY = 3;
				TVOS_DEPLOYMENT_TARGET = 11.3;
			};
			name = Release;
		};
		37548E5220A989B400D665B4 /* Debug */ = {
			isa = XCBuildConfiguration;
			buildSettings = {
				ALWAYS_SEARCH_USER_PATHS = NO;
				CLANG_ANALYZER_NONNULL = YES;
				CLANG_ANALYZER_NUMBER_OBJECT_CONVERSION = YES_AGGRESSIVE;
				CLANG_CXX_LANGUAGE_STANDARD = "gnu++14";
				CLANG_CXX_LIBRARY = "libc++";
				CLANG_ENABLE_MODULES = YES;
				CLANG_ENABLE_OBJC_ARC = YES;
				CLANG_ENABLE_OBJC_WEAK = YES;
				CLANG_WARN_BLOCK_CAPTURE_AUTORELEASING = YES;
				CLANG_WARN_BOOL_CONVERSION = YES;
				CLANG_WARN_COMMA = YES;
				CLANG_WARN_CONSTANT_CONVERSION = YES;
				CLANG_WARN_DEPRECATED_OBJC_IMPLEMENTATIONS = YES;
				CLANG_WARN_DIRECT_OBJC_ISA_USAGE = YES_ERROR;
				CLANG_WARN_DOCUMENTATION_COMMENTS = YES;
				CLANG_WARN_EMPTY_BODY = YES;
				CLANG_WARN_ENUM_CONVERSION = YES;
				CLANG_WARN_INFINITE_RECURSION = YES;
				CLANG_WARN_INT_CONVERSION = YES;
				CLANG_WARN_NON_LITERAL_NULL_CONVERSION = YES;
				CLANG_WARN_OBJC_IMPLICIT_RETAIN_SELF = YES;
				CLANG_WARN_OBJC_LITERAL_CONVERSION = YES;
				CLANG_WARN_OBJC_ROOT_CLASS = YES_ERROR;
				CLANG_WARN_RANGE_LOOP_ANALYSIS = YES;
				CLANG_WARN_STRICT_PROTOTYPES = YES;
				CLANG_WARN_SUSPICIOUS_MOVE = YES;
				CLANG_WARN_UNGUARDED_AVAILABILITY = YES_AGGRESSIVE;
				CLANG_WARN_UNREACHABLE_CODE = YES;
				CLANG_WARN__DUPLICATE_METHOD_MATCH = YES;
				CODE_SIGN_IDENTITY = "iPhone Developer";
				COPY_PHASE_STRIP = NO;
				CURRENT_PROJECT_VERSION = 1;
				DEBUG_INFORMATION_FORMAT = dwarf;
				ENABLE_STRICT_OBJC_MSGSEND = YES;
				ENABLE_TESTABILITY = YES;
				GCC_C_LANGUAGE_STANDARD = gnu11;
				GCC_DYNAMIC_NO_PIC = NO;
				GCC_NO_COMMON_BLOCKS = YES;
				GCC_OPTIMIZATION_LEVEL = 0;
				GCC_PREPROCESSOR_DEFINITIONS = (
					"DEBUG=1",
					"$(inherited)",
				);
				GCC_WARN_64_TO_32_BIT_CONVERSION = YES;
				GCC_WARN_ABOUT_RETURN_TYPE = YES_ERROR;
				GCC_WARN_UNDECLARED_SELECTOR = YES;
				GCC_WARN_UNINITIALIZED_AUTOS = YES_AGGRESSIVE;
				GCC_WARN_UNUSED_FUNCTION = YES;
				GCC_WARN_UNUSED_VARIABLE = YES;
				IPHONEOS_DEPLOYMENT_TARGET = 10.0;
				MTL_ENABLE_DEBUG_INFO = YES;
				ONLY_ACTIVE_ARCH = YES;
				SDKROOT = iphoneos;
				SWIFT_ACTIVE_COMPILATION_CONDITIONS = DEBUG;
				SWIFT_OPTIMIZATION_LEVEL = "-Onone";
				VERSIONING_SYSTEM = "apple-generic";
				VERSION_INFO_PREFIX = "";
			};
			name = Debug;
		};
		37548E5320A989B400D665B4 /* Release */ = {
			isa = XCBuildConfiguration;
			buildSettings = {
				ALWAYS_SEARCH_USER_PATHS = NO;
				CLANG_ANALYZER_NONNULL = YES;
				CLANG_ANALYZER_NUMBER_OBJECT_CONVERSION = YES_AGGRESSIVE;
				CLANG_CXX_LANGUAGE_STANDARD = "gnu++14";
				CLANG_CXX_LIBRARY = "libc++";
				CLANG_ENABLE_MODULES = YES;
				CLANG_ENABLE_OBJC_ARC = YES;
				CLANG_ENABLE_OBJC_WEAK = YES;
				CLANG_WARN_BLOCK_CAPTURE_AUTORELEASING = YES;
				CLANG_WARN_BOOL_CONVERSION = YES;
				CLANG_WARN_COMMA = YES;
				CLANG_WARN_CONSTANT_CONVERSION = YES;
				CLANG_WARN_DEPRECATED_OBJC_IMPLEMENTATIONS = YES;
				CLANG_WARN_DIRECT_OBJC_ISA_USAGE = YES_ERROR;
				CLANG_WARN_DOCUMENTATION_COMMENTS = YES;
				CLANG_WARN_EMPTY_BODY = YES;
				CLANG_WARN_ENUM_CONVERSION = YES;
				CLANG_WARN_INFINITE_RECURSION = YES;
				CLANG_WARN_INT_CONVERSION = YES;
				CLANG_WARN_NON_LITERAL_NULL_CONVERSION = YES;
				CLANG_WARN_OBJC_IMPLICIT_RETAIN_SELF = YES;
				CLANG_WARN_OBJC_LITERAL_CONVERSION = YES;
				CLANG_WARN_OBJC_ROOT_CLASS = YES_ERROR;
				CLANG_WARN_RANGE_LOOP_ANALYSIS = YES;
				CLANG_WARN_STRICT_PROTOTYPES = YES;
				CLANG_WARN_SUSPICIOUS_MOVE = YES;
				CLANG_WARN_UNGUARDED_AVAILABILITY = YES_AGGRESSIVE;
				CLANG_WARN_UNREACHABLE_CODE = YES;
				CLANG_WARN__DUPLICATE_METHOD_MATCH = YES;
				CODE_SIGN_IDENTITY = "iPhone Developer";
				COPY_PHASE_STRIP = NO;
				CURRENT_PROJECT_VERSION = 1;
				DEBUG_INFORMATION_FORMAT = "dwarf-with-dsym";
				ENABLE_NS_ASSERTIONS = NO;
				ENABLE_STRICT_OBJC_MSGSEND = YES;
				GCC_C_LANGUAGE_STANDARD = gnu11;
				GCC_NO_COMMON_BLOCKS = YES;
				GCC_WARN_64_TO_32_BIT_CONVERSION = YES;
				GCC_WARN_ABOUT_RETURN_TYPE = YES_ERROR;
				GCC_WARN_UNDECLARED_SELECTOR = YES;
				GCC_WARN_UNINITIALIZED_AUTOS = YES_AGGRESSIVE;
				GCC_WARN_UNUSED_FUNCTION = YES;
				GCC_WARN_UNUSED_VARIABLE = YES;
				IPHONEOS_DEPLOYMENT_TARGET = 10.0;
				MTL_ENABLE_DEBUG_INFO = NO;
				SDKROOT = iphoneos;
				SWIFT_COMPILATION_MODE = wholemodule;
				SWIFT_OPTIMIZATION_LEVEL = "-O";
				VALIDATE_PRODUCT = YES;
				VERSIONING_SYSTEM = "apple-generic";
				VERSION_INFO_PREFIX = "";
			};
			name = Release;
		};
		37548E5520A989B400D665B4 /* Debug */ = {
			isa = XCBuildConfiguration;
			buildSettings = {
				CLANG_ENABLE_MODULES = YES;
				CODE_SIGN_IDENTITY = "";
				CODE_SIGN_STYLE = Manual;
				DEFINES_MODULE = YES;
				DEVELOPMENT_TEAM = "";
				DYLIB_COMPATIBILITY_VERSION = 1;
				DYLIB_CURRENT_VERSION = 1;
				DYLIB_INSTALL_NAME_BASE = "@rpath";
				FRAMEWORK_SEARCH_PATHS = (
					"$(inherited)",
					"$(PROJECT_DIR)/Carthage/Build/iOS",
				);
				INFOPLIST_FILE = "$(SRCROOT)/Sources/Info.plist";
				INSTALL_PATH = "$(LOCAL_LIBRARY_DIR)/Frameworks";
				IPHONEOS_DEPLOYMENT_TARGET = 8.0;
				LD_RUNPATH_SEARCH_PATHS = (
					"$(inherited)",
					"@executable_path/Frameworks",
					"@loader_path/Frameworks",
				);
				PRODUCT_BUNDLE_IDENTIFIER = com.duongkhong.ostkit;
				PRODUCT_NAME = ostkit;
				PROVISIONING_PROFILE_SPECIFIER = "";
				SKIP_INSTALL = YES;
				SWIFT_OPTIMIZATION_LEVEL = "-Onone";
				SWIFT_VERSION = 4.0;
				TARGETED_DEVICE_FAMILY = "1,2";
			};
			name = Debug;
		};
		37548E5620A989B400D665B4 /* Release */ = {
			isa = XCBuildConfiguration;
			buildSettings = {
				CLANG_ENABLE_MODULES = YES;
				CODE_SIGN_IDENTITY = "";
				CODE_SIGN_STYLE = Manual;
				DEFINES_MODULE = YES;
				DEVELOPMENT_TEAM = "";
				DYLIB_COMPATIBILITY_VERSION = 1;
				DYLIB_CURRENT_VERSION = 1;
				DYLIB_INSTALL_NAME_BASE = "@rpath";
				FRAMEWORK_SEARCH_PATHS = (
					"$(inherited)",
					"$(PROJECT_DIR)/Carthage/Build/iOS",
				);
				INFOPLIST_FILE = "$(SRCROOT)/Sources/Info.plist";
				INSTALL_PATH = "$(LOCAL_LIBRARY_DIR)/Frameworks";
				IPHONEOS_DEPLOYMENT_TARGET = 8.0;
				LD_RUNPATH_SEARCH_PATHS = (
					"$(inherited)",
					"@executable_path/Frameworks",
					"@loader_path/Frameworks",
				);
				PRODUCT_BUNDLE_IDENTIFIER = com.duongkhong.ostkit;
				PRODUCT_NAME = ostkit;
				PROVISIONING_PROFILE_SPECIFIER = "";
				SKIP_INSTALL = YES;
				SWIFT_VERSION = 4.0;
				TARGETED_DEVICE_FAMILY = "1,2";
			};
			name = Release;
		};
		37548E5820A989B400D665B4 /* Debug */ = {
			isa = XCBuildConfiguration;
			buildSettings = {
				ALWAYS_EMBED_SWIFT_STANDARD_LIBRARIES = YES;
				CODE_SIGN_IDENTITY = "";
				CODE_SIGN_INJECT_BASE_ENTITLEMENTS = NO;
				CODE_SIGN_STYLE = Manual;
				DEVELOPMENT_TEAM = "";
				FRAMEWORK_SEARCH_PATHS = (
					"$(inherited)",
					"$(PROJECT_DIR)/Carthage/Build/iOS",
				);
				INFOPLIST_FILE = ostkitTests/Info.plist;
				LD_RUNPATH_SEARCH_PATHS = (
					"$(inherited)",
					"@executable_path/Frameworks",
					"@loader_path/Frameworks",
				);
				PRODUCT_BUNDLE_IDENTIFIER = com.duongkhong.ostkitTests;
				PRODUCT_NAME = "$(TARGET_NAME)";
				SWIFT_VERSION = 4.0;
				TARGETED_DEVICE_FAMILY = "1,2";
			};
			name = Debug;
		};
		37548E5920A989B400D665B4 /* Release */ = {
			isa = XCBuildConfiguration;
			buildSettings = {
				ALWAYS_EMBED_SWIFT_STANDARD_LIBRARIES = YES;
				CODE_SIGN_IDENTITY = "";
				CODE_SIGN_INJECT_BASE_ENTITLEMENTS = NO;
				CODE_SIGN_STYLE = Manual;
				DEVELOPMENT_TEAM = "";
				FRAMEWORK_SEARCH_PATHS = (
					"$(inherited)",
					"$(PROJECT_DIR)/Carthage/Build/iOS",
				);
				INFOPLIST_FILE = ostkitTests/Info.plist;
				LD_RUNPATH_SEARCH_PATHS = (
					"$(inherited)",
					"@executable_path/Frameworks",
					"@loader_path/Frameworks",
				);
				PRODUCT_BUNDLE_IDENTIFIER = com.duongkhong.ostkitTests;
				PRODUCT_NAME = "$(TARGET_NAME)";
				SWIFT_VERSION = 4.0;
				TARGETED_DEVICE_FAMILY = "1,2";
			};
			name = Release;
		};
/* End XCBuildConfiguration section */

/* Begin XCConfigurationList section */
		3709075F20B2A9F20007F5CB /* Build configuration list for PBXNativeTarget "ostkit macOS" */ = {
			isa = XCConfigurationList;
			buildConfigurations = (
				3709075B20B2A9F20007F5CB /* Debug */,
				3709075C20B2A9F20007F5CB /* Release */,
			);
			defaultConfigurationIsVisible = 0;
			defaultConfigurationName = Release;
		};
		3709076020B2A9F20007F5CB /* Build configuration list for PBXNativeTarget "ostkit macOSTests" */ = {
			isa = XCConfigurationList;
			buildConfigurations = (
				3709075D20B2A9F20007F5CB /* Debug */,
				3709075E20B2A9F20007F5CB /* Release */,
			);
			defaultConfigurationIsVisible = 0;
			defaultConfigurationName = Release;
		};
		3726DCD520B30A640026F9AF /* Build configuration list for PBXNativeTarget "ostkit watchOS" */ = {
			isa = XCConfigurationList;
			buildConfigurations = (
				3726DCD620B30A640026F9AF /* Debug */,
				3726DCD720B30A640026F9AF /* Release */,
			);
			defaultConfigurationIsVisible = 0;
			defaultConfigurationName = Release;
		};
		3726DCFE20B30BC80026F9AF /* Build configuration list for PBXNativeTarget "ostkit tvOS" */ = {
			isa = XCConfigurationList;
			buildConfigurations = (
				3726DCFF20B30BC80026F9AF /* Debug */,
				3726DD0020B30BC80026F9AF /* Release */,
			);
			defaultConfigurationIsVisible = 0;
			defaultConfigurationName = Release;
		};
		3726DD0120B30BC80026F9AF /* Build configuration list for PBXNativeTarget "ostkit tvOSTests" */ = {
			isa = XCConfigurationList;
			buildConfigurations = (
				3726DD0220B30BC80026F9AF /* Debug */,
				3726DD0320B30BC80026F9AF /* Release */,
			);
			defaultConfigurationIsVisible = 0;
			defaultConfigurationName = Release;
		};
		37548E3A20A989B400D665B4 /* Build configuration list for PBXProject "ostkit" */ = {
			isa = XCConfigurationList;
			buildConfigurations = (
				37548E5220A989B400D665B4 /* Debug */,
				37548E5320A989B400D665B4 /* Release */,
			);
			defaultConfigurationIsVisible = 0;
			defaultConfigurationName = Release;
		};
		37548E5420A989B400D665B4 /* Build configuration list for PBXNativeTarget "ostkit" */ = {
			isa = XCConfigurationList;
			buildConfigurations = (
				37548E5520A989B400D665B4 /* Debug */,
				37548E5620A989B400D665B4 /* Release */,
			);
			defaultConfigurationIsVisible = 0;
			defaultConfigurationName = Release;
		};
		37548E5720A989B400D665B4 /* Build configuration list for PBXNativeTarget "ostkitTests" */ = {
			isa = XCConfigurationList;
			buildConfigurations = (
				37548E5820A989B400D665B4 /* Debug */,
				37548E5920A989B400D665B4 /* Release */,
			);
			defaultConfigurationIsVisible = 0;
			defaultConfigurationName = Release;
		};
/* End XCConfigurationList section */
	};
	rootObject = 37548E3720A989B400D665B4 /* Project object */;
}
